<?xml version="1.0" encoding="utf-8"?>
<Project ToolsVersion="4.0" xmlns="http://schemas.microsoft.com/developer/msbuild/2003">
  <ItemGroup>
    <Filter Include="video">
      <UniqueIdentifier>{32fa1517-d246-42e8-9176-5a6634cad88f}</UniqueIdentifier>
    </Filter>
    <Filter Include="src">
      <UniqueIdentifier>{dd14af61-3760-475f-9fdc-5587e49c323f}</UniqueIdentifier>
    </Filter>
    <Filter Include="timer">
      <UniqueIdentifier>{b1e73442-a695-4adb-8d54-5fcd9a9e05b4}</UniqueIdentifier>
    </Filter>
    <Filter Include="events">
      <UniqueIdentifier>{332b4f8f-cbe7-48ab-ad37-b696cceb6871}</UniqueIdentifier>
    </Filter>
    <Filter Include="files">
      <UniqueIdentifier>{fc27c0f6-5924-4e79-95d9-b552fd70f248}</UniqueIdentifier>
    </Filter>
    <Filter Include="render">
      <UniqueIdentifier>{a27bf460-3b6c-4004-aaa5-82d210c2f42a}</UniqueIdentifier>
    </Filter>
    <Filter Include="render_sw">
      <UniqueIdentifier>{27ac81c4-a2bc-4b2e-a6af-510749f90beb}</UniqueIdentifier>
    </Filter>
    <Filter Include="stdlib">
      <UniqueIdentifier>{f0ed47de-9f25-41b6-aba8-1cb563b48776}</UniqueIdentifier>
    </Filter>
    <Filter Include="libm">
      <UniqueIdentifier>{030cfd18-9e6b-4fce-bc2a-661612b23c69}</UniqueIdentifier>
    </Filter>
    <Filter Include="thread">
      <UniqueIdentifier>{3da16027-c65b-408d-b1cf-469132138c02}</UniqueIdentifier>
    </Filter>
    <Filter Include="audio">
      <UniqueIdentifier>{ea39e040-e01e-4cda-bc86-3dadabb4728c}</UniqueIdentifier>
    </Filter>
    <Filter Include="audio\dummy">
      <UniqueIdentifier>{88d1a5bd-4b9d-4ddc-821e-3b17834ad5d9}</UniqueIdentifier>
    </Filter>
    <Filter Include="video\dummy">
      <UniqueIdentifier>{d704845f-b479-40a3-8e1a-09bbab112c5a}</UniqueIdentifier>
    </Filter>
    <Filter Include="atomic">
      <UniqueIdentifier>{5ab580fc-3ae5-4b58-9701-29224bed759a}</UniqueIdentifier>
    </Filter>
    <Filter Include="render_opengl">
      <UniqueIdentifier>{98281777-bfd6-4d40-adb4-692c9a4b4241}</UniqueIdentifier>
    </Filter>
    <Filter Include="cpu_info">
      <UniqueIdentifier>{75d615a8-9aad-4391-8f37-d43bd21ba2a2}</UniqueIdentifier>
    </Filter>
    <Filter Include="audio\winmm">
      <UniqueIdentifier>{fdf66e6d-9195-4131-9075-13b95a412b48}</UniqueIdentifier>
    </Filter>
    <Filter Include="video\windows">
      <UniqueIdentifier>{832f843c-97b5-4024-8388-e1a2bc1361df}</UniqueIdentifier>
    </Filter>
    <Filter Include="loadso">
      <UniqueIdentifier>{88a5f6b7-cf59-42f5-b853-5e486a9a9477}</UniqueIdentifier>
    </Filter>
    <Filter Include="core">
      <UniqueIdentifier>{f978e40c-4b88-41da-a40c-d8e244b14527}</UniqueIdentifier>
    </Filter>
  </ItemGroup>
  <ItemGroup>
    <ClCompile Include="..\..\dep\sdl2mini\src\SDL.c">
      <Filter>src</Filter>
    </ClCompile>
    <ClCompile Include="..\..\dep\sdl2mini\src\SDL_assert.c">
      <Filter>src</Filter>
    </ClCompile>
    <ClCompile Include="..\..\dep\sdl2mini\src\SDL_error.c">
      <Filter>src</Filter>
    </ClCompile>
    <ClCompile Include="..\..\dep\sdl2mini\src\SDL_hints.c">
      <Filter>src</Filter>
    </ClCompile>
    <ClCompile Include="..\..\dep\sdl2mini\src\SDL_log.c">
      <Filter>src</Filter>
    </ClCompile>
    <ClCompile Include="..\..\dep\sdl2mini\src\video\SDL_blit.c">
      <Filter>video</Filter>
    </ClCompile>
    <ClCompile Include="..\..\dep\sdl2mini\src\video\SDL_blit_0.c">
      <Filter>video</Filter>
    </ClCompile>
    <ClCompile Include="..\..\dep\sdl2mini\src\video\SDL_blit_1.c">
      <Filter>video</Filter>
    </ClCompile>
    <ClCompile Include="..\..\dep\sdl2mini\src\video\SDL_blit_A.c">
      <Filter>video</Filter>
    </ClCompile>
    <ClCompile Include="..\..\dep\sdl2mini\src\video\SDL_blit_auto.c">
      <Filter>video</Filter>
    </ClCompile>
    <ClCompile Include="..\..\dep\sdl2mini\src\video\SDL_blit_copy.c">
      <Filter>video</Filter>
    </ClCompile>
    <ClCompile Include="..\..\dep\sdl2mini\src\video\SDL_blit_N.c">
      <Filter>video</Filter>
    </ClCompile>
    <ClCompile Include="..\..\dep\sdl2mini\src\video\SDL_blit_slow.c">
      <Filter>video</Filter>
    </ClCompile>
    <ClCompile Include="..\..\dep\sdl2mini\src\video\SDL_bmp.c">
      <Filter>video</Filter>
    </ClCompile>
    <ClCompile Include="..\..\dep\sdl2mini\src\video\SDL_clipboard.c">
      <Filter>video</Filter>
    </ClCompile>
    <ClCompile Include="..\..\dep\sdl2mini\src\video\SDL_egl.c">
      <Filter>video</Filter>
    </ClCompile>
    <ClCompile Include="..\..\dep\sdl2mini\src\video\SDL_fillrect.c">
      <Filter>video</Filter>
    </ClCompile>
    <ClCompile Include="..\..\dep\sdl2mini\src\video\SDL_pixels.c">
      <Filter>video</Filter>
    </ClCompile>
    <ClCompile Include="..\..\dep\sdl2mini\src\video\SDL_rect.c">
      <Filter>video</Filter>
    </ClCompile>
    <ClCompile Include="..\..\dep\sdl2mini\src\video\SDL_RLEaccel.c">
      <Filter>video</Filter>
    </ClCompile>
    <ClCompile Include="..\..\dep\sdl2mini\src\video\SDL_shape.c">
      <Filter>video</Filter>
    </ClCompile>
    <ClCompile Include="..\..\dep\sdl2mini\src\video\SDL_stretch.c">
      <Filter>video</Filter>
    </ClCompile>
    <ClCompile Include="..\..\dep\sdl2mini\src\video\SDL_surface.c">
      <Filter>video</Filter>
    </ClCompile>
    <ClCompile Include="..\..\dep\sdl2mini\src\video\SDL_video.c">
      <Filter>video</Filter>
    </ClCompile>
    <ClCompile Include="..\..\dep\sdl2mini\src\timer\SDL_timer.c">
      <Filter>timer</Filter>
    </ClCompile>
    <ClCompile Include="..\..\dep\sdl2mini\src\events\SDL_clipboardevents.c">
      <Filter>events</Filter>
    </ClCompile>
    <ClCompile Include="..\..\dep\sdl2mini\src\events\SDL_dropevents.c">
      <Filter>events</Filter>
    </ClCompile>
    <ClCompile Include="..\..\dep\sdl2mini\src\events\SDL_events.c">
      <Filter>events</Filter>
    </ClCompile>
    <ClCompile Include="..\..\dep\sdl2mini\src\events\SDL_gesture.c">
      <Filter>events</Filter>
    </ClCompile>
    <ClCompile Include="..\..\dep\sdl2mini\src\events\SDL_keyboard.c">
      <Filter>events</Filter>
    </ClCompile>
    <ClCompile Include="..\..\dep\sdl2mini\src\events\SDL_mouse.c">
      <Filter>events</Filter>
    </ClCompile>
    <ClCompile Include="..\..\dep\sdl2mini\src\events\SDL_quit.c">
      <Filter>events</Filter>
    </ClCompile>
    <ClCompile Include="..\..\dep\sdl2mini\src\events\SDL_touch.c">
      <Filter>events</Filter>
    </ClCompile>
    <ClCompile Include="..\..\dep\sdl2mini\src\events\SDL_windowevents.c">
      <Filter>events</Filter>
    </ClCompile>
    <ClCompile Include="..\..\dep\sdl2mini\src\file\SDL_rwops.c">
      <Filter>files</Filter>
    </ClCompile>
    <ClCompile Include="..\..\dep\sdl2mini\src\render\SDL_d3dmath.c">
      <Filter>render</Filter>
    </ClCompile>
    <ClCompile Include="..\..\dep\sdl2mini\src\render\SDL_render.c">
      <Filter>render</Filter>
    </ClCompile>
    <ClCompile Include="..\..\dep\sdl2mini\src\render\SDL_yuv_mmx.c">
      <Filter>render</Filter>
    </ClCompile>
    <ClCompile Include="..\..\dep\sdl2mini\src\render\SDL_yuv_sw.c">
      <Filter>render</Filter>
    </ClCompile>
    <ClCompile Include="..\..\dep\sdl2mini\src\render\software\SDL_blendfillrect.c">
      <Filter>render_sw</Filter>
    </ClCompile>
    <ClCompile Include="..\..\dep\sdl2mini\src\render\software\SDL_blendline.c">
      <Filter>render_sw</Filter>
    </ClCompile>
    <ClCompile Include="..\..\dep\sdl2mini\src\render\software\SDL_blendpoint.c">
      <Filter>render_sw</Filter>
    </ClCompile>
    <ClCompile Include="..\..\dep\sdl2mini\src\render\software\SDL_drawline.c">
      <Filter>render_sw</Filter>
    </ClCompile>
    <ClCompile Include="..\..\dep\sdl2mini\src\render\software\SDL_drawpoint.c">
      <Filter>render_sw</Filter>
    </ClCompile>
    <ClCompile Include="..\..\dep\sdl2mini\src\render\software\SDL_render_sw.c">
      <Filter>render_sw</Filter>
    </ClCompile>
    <ClCompile Include="..\..\dep\sdl2mini\src\render\software\SDL_rotate.c">
      <Filter>render_sw</Filter>
    </ClCompile>
    <ClCompile Include="..\..\dep\sdl2mini\src\stdlib\SDL_getenv.c">
      <Filter>stdlib</Filter>
    </ClCompile>
    <ClCompile Include="..\..\dep\sdl2mini\src\stdlib\SDL_iconv.c">
      <Filter>stdlib</Filter>
    </ClCompile>
    <ClCompile Include="..\..\dep\sdl2mini\src\stdlib\SDL_malloc.c">
      <Filter>stdlib</Filter>
    </ClCompile>
    <ClCompile Include="..\..\dep\sdl2mini\src\stdlib\SDL_qsort.c">
      <Filter>stdlib</Filter>
    </ClCompile>
    <ClCompile Include="..\..\dep\sdl2mini\src\stdlib\SDL_stdlib.c">
      <Filter>stdlib</Filter>
    </ClCompile>
    <ClCompile Include="..\..\dep\sdl2mini\src\stdlib\SDL_string.c">
      <Filter>stdlib</Filter>
    </ClCompile>
    <ClCompile Include="..\..\dep\sdl2mini\src\libm\e_atan2.c">
      <Filter>libm</Filter>
    </ClCompile>
    <ClCompile Include="..\..\dep\sdl2mini\src\libm\e_log.c">
      <Filter>libm</Filter>
    </ClCompile>
    <ClCompile Include="..\..\dep\sdl2mini\src\libm\e_pow.c">
      <Filter>libm</Filter>
    </ClCompile>
    <ClCompile Include="..\..\dep\sdl2mini\src\libm\e_rem_pio2.c">
      <Filter>libm</Filter>
    </ClCompile>
    <ClCompile Include="..\..\dep\sdl2mini\src\libm\e_sqrt.c">
      <Filter>libm</Filter>
    </ClCompile>
    <ClCompile Include="..\..\dep\sdl2mini\src\libm\k_cos.c">
      <Filter>libm</Filter>
    </ClCompile>
    <ClCompile Include="..\..\dep\sdl2mini\src\libm\k_rem_pio2.c">
      <Filter>libm</Filter>
    </ClCompile>
    <ClCompile Include="..\..\dep\sdl2mini\src\libm\k_sin.c">
      <Filter>libm</Filter>
    </ClCompile>
    <ClCompile Include="..\..\dep\sdl2mini\src\libm\k_tan.c">
      <Filter>libm</Filter>
    </ClCompile>
    <ClCompile Include="..\..\dep\sdl2mini\src\libm\s_atan.c">
      <Filter>libm</Filter>
    </ClCompile>
    <ClCompile Include="..\..\dep\sdl2mini\src\libm\s_copysign.c">
      <Filter>libm</Filter>
    </ClCompile>
    <ClCompile Include="..\..\dep\sdl2mini\src\libm\s_cos.c">
      <Filter>libm</Filter>
    </ClCompile>
    <ClCompile Include="..\..\dep\sdl2mini\src\libm\s_fabs.c">
      <Filter>libm</Filter>
    </ClCompile>
    <ClCompile Include="..\..\dep\sdl2mini\src\libm\s_floor.c">
      <Filter>libm</Filter>
    </ClCompile>
    <ClCompile Include="..\..\dep\sdl2mini\src\libm\s_scalbn.c">
      <Filter>libm</Filter>
    </ClCompile>
    <ClCompile Include="..\..\dep\sdl2mini\src\libm\s_sin.c">
      <Filter>libm</Filter>
    </ClCompile>
    <ClCompile Include="..\..\dep\sdl2mini\src\libm\s_tan.c">
      <Filter>libm</Filter>
    </ClCompile>
    <ClCompile Include="..\..\dep\sdl2mini\src\audio\SDL_audio.c">
      <Filter>audio</Filter>
    </ClCompile>
    <ClCompile Include="..\..\dep\sdl2mini\src\audio\SDL_audiocvt.c">
      <Filter>audio</Filter>
    </ClCompile>
    <ClCompile Include="..\..\dep\sdl2mini\src\audio\SDL_audiodev.c">
      <Filter>audio</Filter>
    </ClCompile>
    <ClCompile Include="..\..\dep\sdl2mini\src\audio\SDL_audiotypecvt.c">
      <Filter>audio</Filter>
    </ClCompile>
    <ClCompile Include="..\..\dep\sdl2mini\src\audio\SDL_mixer.c">
      <Filter>audio</Filter>
    </ClCompile>
    <ClCompile Include="..\..\dep\sdl2mini\src\audio\SDL_wave.c">
      <Filter>audio</Filter>
    </ClCompile>
    <ClCompile Include="..\..\dep\sdl2mini\src\audio\dummy\SDL_dummyaudio.c">
      <Filter>audio\dummy</Filter>
    </ClCompile>
    <ClCompile Include="..\..\dep\sdl2mini\src\audio\winmm\SDL_winmm.c">
      <Filter>audio\winmm</Filter>
    </ClCompile>
    <ClCompile Include="..\..\dep\sdl2mini\src\atomic\SDL_atomic.c">
      <Filter>atomic</Filter>
    </ClCompile>
    <ClCompile Include="..\..\dep\sdl2mini\src\atomic\SDL_spinlock.c">
      <Filter>atomic</Filter>
    </ClCompile>
    <ClCompile Include="..\..\dep\sdl2mini\src\cpuinfo\SDL_cpuinfo.c">
      <Filter>cpu_info</Filter>
    </ClCompile>
    <ClCompile Include="..\..\dep\sdl2mini\src\render\opengl\SDL_render_gl.c">
      <Filter>render_opengl</Filter>
    </ClCompile>
    <ClCompile Include="..\..\dep\sdl2mini\src\render\opengl\SDL_shaders_gl.c">
      <Filter>render_opengl</Filter>
    </ClCompile>
    <ClCompile Include="..\..\dep\sdl2mini\src\thread\SDL_thread.c">
      <Filter>thread</Filter>
    </ClCompile>
    <ClCompile Include="..\..\dep\sdl2mini\src\thread\windows\SDL_sysmutex.c">
      <Filter>thread</Filter>
    </ClCompile>
    <ClCompile Include="..\..\dep\sdl2mini\src\thread\windows\SDL_syssem.c">
      <Filter>thread</Filter>
    </ClCompile>
    <ClCompile Include="..\..\dep\sdl2mini\src\thread\windows\SDL_systhread.c">
      <Filter>thread</Filter>
    </ClCompile>
    <ClCompile Include="..\..\dep\sdl2mini\src\thread\windows\SDL_systls.c">
      <Filter>thread</Filter>
    </ClCompile>
    <ClCompile Include="..\..\dep\sdl2mini\src\timer\windows\SDL_systimer.c">
      <Filter>timer</Filter>
    </ClCompile>
    <ClCompile Include="..\..\dep\sdl2mini\src\video\dummy\SDL_nullevents.c">
      <Filter>video\dummy</Filter>
    </ClCompile>
    <ClCompile Include="..\..\dep\sdl2mini\src\video\dummy\SDL_nullframebuffer.c">
      <Filter>video\dummy</Filter>
    </ClCompile>
    <ClCompile Include="..\..\dep\sdl2mini\src\video\dummy\SDL_nullvideo.c">
      <Filter>video\dummy</Filter>
    </ClCompile>
    <ClCompile Include="..\..\dep\sdl2mini\src\video\windows\SDL_windowsclipboard.c">
      <Filter>video\windows</Filter>
    </ClCompile>
    <ClCompile Include="..\..\dep\sdl2mini\src\video\windows\SDL_windowsevents.c">
      <Filter>video\windows</Filter>
    </ClCompile>
    <ClCompile Include="..\..\dep\sdl2mini\src\video\windows\SDL_windowsframebuffer.c">
      <Filter>video\windows</Filter>
    </ClCompile>
    <ClCompile Include="..\..\dep\sdl2mini\src\video\windows\SDL_windowskeyboard.c">
      <Filter>video\windows</Filter>
    </ClCompile>
    <ClCompile Include="..\..\dep\sdl2mini\src\video\windows\SDL_windowsmessagebox.c">
      <Filter>video\windows</Filter>
    </ClCompile>
    <ClCompile Include="..\..\dep\sdl2mini\src\video\windows\SDL_windowsmodes.c">
      <Filter>video\windows</Filter>
    </ClCompile>
    <ClCompile Include="..\..\dep\sdl2mini\src\video\windows\SDL_windowsmouse.c">
      <Filter>video\windows</Filter>
    </ClCompile>
    <ClCompile Include="..\..\dep\sdl2mini\src\video\windows\SDL_windowsopengl.c">
      <Filter>video\windows</Filter>
    </ClCompile>
    <ClCompile Include="..\..\dep\sdl2mini\src\video\windows\SDL_windowsopengles.c">
      <Filter>video\windows</Filter>
    </ClCompile>
    <ClCompile Include="..\..\dep\sdl2mini\src\video\windows\SDL_windowsshape.c">
      <Filter>video\windows</Filter>
    </ClCompile>
    <ClCompile Include="..\..\dep\sdl2mini\src\video\windows\SDL_windowsvideo.c">
      <Filter>video\windows</Filter>
    </ClCompile>
    <ClCompile Include="..\..\dep\sdl2mini\src\video\windows\SDL_windowswindow.c">
      <Filter>video\windows</Filter>
    </ClCompile>
    <ClCompile Include="..\..\dep\sdl2mini\src\loadso\windows\SDL_sysloadso.c">
      <Filter>loadso</Filter>
    </ClCompile>
    <ClCompile Include="..\..\dep\sdl2mini\src\core\windows\SDL_windows.c">
      <Filter>core</Filter>
    </ClCompile>
    <ClCompile Include="..\..\dep\sdl2mini\src\core\windows\SDL_xinput.c">
      <Filter>core</Filter>
    </ClCompile>
  </ItemGroup>
  <ItemGroup>
    <ClInclude Include="..\..\dep\sdl2mini\src\video\SDL_blit.h">
      <Filter>video</Filter>
    </ClInclude>
    <ClInclude Include="..\..\dep\sdl2mini\src\video\SDL_blit_auto.h">
      <Filter>video</Filter>
    </ClInclude>
    <ClInclude Include="..\..\dep\sdl2mini\src\video\SDL_blit_copy.h">
      <Filter>video</Filter>
    </ClInclude>
    <ClInclude Include="..\..\dep\sdl2mini\src\video\SDL_blit_slow.h">
      <Filter>video</Filter>
    </ClInclude>
    <ClInclude Include="..\..\dep\sdl2mini\src\video\SDL_egl_c.h">
      <Filter>video</Filter>
    </ClInclude>
    <ClInclude Include="..\..\dep\sdl2mini\src\video\SDL_pixels_c.h">
      <Filter>video</Filter>
    </ClInclude>
    <ClInclude Include="..\..\dep\sdl2mini\src\video\SDL_rect_c.h">
      <Filter>video</Filter>
    </ClInclude>
    <ClInclude Include="..\..\dep\sdl2mini\src\video\SDL_RLEaccel_c.h">
      <Filter>video</Filter>
    </ClInclude>
    <ClInclude Include="..\..\dep\sdl2mini\src\video\SDL_shape_internals.h">
      <Filter>video</Filter>
    </ClInclude>
    <ClInclude Include="..\..\dep\sdl2mini\src\video\SDL_sysvideo.h">
      <Filter>video</Filter>
    </ClInclude>
    <ClInclude Include="..\..\dep\sdl2mini\src\events\blank_cursor.h">
      <Filter>events</Filter>
    </ClInclude>
    <ClInclude Include="..\..\dep\sdl2mini\src\events\default_cursor.h">
      <Filter>events</Filter>
    </ClInclude>
    <ClInclude Include="..\..\dep\sdl2mini\src\events\scancodes_darwin.h">
      <Filter>events</Filter>
    </ClInclude>
    <ClInclude Include="..\..\dep\sdl2mini\src\events\scancodes_linux.h">
      <Filter>events</Filter>
    </ClInclude>
    <ClInclude Include="..\..\dep\sdl2mini\src\events\scancodes_windows.h">
      <Filter>events</Filter>
    </ClInclude>
    <ClInclude Include="..\..\dep\sdl2mini\src\events\scancodes_xfree86.h">
      <Filter>events</Filter>
    </ClInclude>
    <ClInclude Include="..\..\dep\sdl2mini\src\events\SDL_clipboardevents_c.h">
      <Filter>events</Filter>
    </ClInclude>
    <ClInclude Include="..\..\dep\sdl2mini\src\events\SDL_dropevents_c.h">
      <Filter>events</Filter>
    </ClInclude>
    <ClInclude Include="..\..\dep\sdl2mini\src\events\SDL_events_c.h">
      <Filter>events</Filter>
    </ClInclude>
    <ClInclude Include="..\..\dep\sdl2mini\src\events\SDL_gesture_c.h">
      <Filter>events</Filter>
    </ClInclude>
    <ClInclude Include="..\..\dep\sdl2mini\src\events\SDL_keyboard_c.h">
      <Filter>events</Filter>
    </ClInclude>
    <ClInclude Include="..\..\dep\sdl2mini\src\events\SDL_mouse_c.h">
      <Filter>events</Filter>
    </ClInclude>
    <ClInclude Include="..\..\dep\sdl2mini\src\events\SDL_sysevents.h">
      <Filter>events</Filter>
    </ClInclude>
    <ClInclude Include="..\..\dep\sdl2mini\src\events\SDL_touch_c.h">
      <Filter>events</Filter>
    </ClInclude>
    <ClInclude Include="..\..\dep\sdl2mini\src\events\SDL_windowevents_c.h">
      <Filter>events</Filter>
    </ClInclude>
    <ClInclude Include="..\..\dep\sdl2mini\src\render\mmx.h">
      <Filter>render</Filter>
    </ClInclude>
    <ClInclude Include="..\..\dep\sdl2mini\src\render\SDL_d3dmath.h">
      <Filter>render</Filter>
    </ClInclude>
    <ClInclude Include="..\..\dep\sdl2mini\src\render\SDL_sysrender.h">
      <Filter>render</Filter>
    </ClInclude>
    <ClInclude Include="..\..\dep\sdl2mini\src\render\SDL_yuv_sw_c.h">
      <Filter>render</Filter>
    </ClInclude>
    <ClInclude Include="..\..\dep\sdl2mini\src\render\software\SDL_blendfillrect.h">
      <Filter>render_sw</Filter>
    </ClInclude>
    <ClInclude Include="..\..\dep\sdl2mini\src\render\software\SDL_blendline.h">
      <Filter>render_sw</Filter>
    </ClInclude>
    <ClInclude Include="..\..\dep\sdl2mini\src\render\software\SDL_blendpoint.h">
      <Filter>render_sw</Filter>
    </ClInclude>
    <ClInclude Include="..\..\dep\sdl2mini\src\render\software\SDL_draw.h">
      <Filter>render_sw</Filter>
    </ClInclude>
    <ClInclude Include="..\..\dep\sdl2mini\src\render\software\SDL_drawline.h">
      <Filter>render_sw</Filter>
    </ClInclude>
    <ClInclude Include="..\..\dep\sdl2mini\src\render\software\SDL_drawpoint.h">
      <Filter>render_sw</Filter>
    </ClInclude>
    <ClInclude Include="..\..\dep\sdl2mini\src\render\software\SDL_render_sw_c.h">
      <Filter>render_sw</Filter>
    </ClInclude>
    <ClInclude Include="..\..\dep\sdl2mini\src\render\software\SDL_rotate.h">
      <Filter>render_sw</Filter>
    </ClInclude>
    <ClInclude Include="..\..\dep\sdl2mini\src\libm\math_libm.h">
      <Filter>libm</Filter>
    </ClInclude>
    <ClInclude Include="..\..\dep\sdl2mini\src\libm\math_private.h">
      <Filter>libm</Filter>
    </ClInclude>
    <ClInclude Include="..\..\dep\sdl2mini\src\audio\SDL_audio_c.h">
      <Filter>audio</Filter>
    </ClInclude>
    <ClInclude Include="..\..\dep\sdl2mini\src\audio\SDL_audiodev_c.h">
      <Filter>audio</Filter>
    </ClInclude>
    <ClInclude Include="..\..\dep\sdl2mini\src\audio\SDL_audiomem.h">
      <Filter>audio</Filter>
    </ClInclude>
    <ClInclude Include="..\..\dep\sdl2mini\src\audio\SDL_sysaudio.h">
      <Filter>audio</Filter>
    </ClInclude>
    <ClInclude Include="..\..\dep\sdl2mini\src\audio\SDL_wave.h">
      <Filter>audio</Filter>
    </ClInclude>
    <ClInclude Include="..\..\dep\sdl2mini\src\render\opengl\SDL_glfuncs.h">
      <Filter>render_opengl</Filter>
    </ClInclude>
    <ClInclude Include="..\..\dep\sdl2mini\src\render\opengl\SDL_shaders_gl.h">
      <Filter>render_opengl</Filter>
    </ClInclude>
    <ClInclude Include="..\..\dep\sdl2mini\src\thread\SDL_systhread.h">
      <Filter>thread</Filter>
    </ClInclude>
    <ClInclude Include="..\..\dep\sdl2mini\src\thread\SDL_thread_c.h">
      <Filter>thread</Filter>
    </ClInclude>
    <ClInclude Include="..\..\dep\sdl2mini\src\thread\windows\SDL_systhread_c.h">
      <Filter>thread</Filter>
    </ClInclude>
    <ClInclude Include="..\..\dep\sdl2mini\src\video\dummy\SDL_nullevents_c.h">
      <Filter>video\dummy</Filter>
    </ClInclude>
    <ClInclude Include="..\..\dep\sdl2mini\src\video\dummy\SDL_nullframebuffer_c.h">
      <Filter>video\dummy</Filter>
    </ClInclude>
    <ClInclude Include="..\..\dep\sdl2mini\src\video\dummy\SDL_nullvideo.h">
      <Filter>video\dummy</Filter>
    </ClInclude>
    <ClInclude Include="..\..\dep\sdl2mini\src\video\windows\SDL_msctf.h">
      <Filter>video\windows</Filter>
    </ClInclude>
    <ClInclude Include="..\..\dep\sdl2mini\src\video\windows\SDL_vkeys.h">
      <Filter>video\windows</Filter>
    </ClInclude>
    <ClInclude Include="..\..\dep\sdl2mini\src\video\windows\SDL_windowsclipboard.h">
      <Filter>video\windows</Filter>
    </ClInclude>
    <ClInclude Include="..\..\dep\sdl2mini\src\video\windows\SDL_windowsevents.h">
      <Filter>video\windows</Filter>
    </ClInclude>
    <ClInclude Include="..\..\dep\sdl2mini\src\video\windows\SDL_windowsframebuffer.h">
      <Filter>video\windows</Filter>
    </ClInclude>
    <ClInclude Include="..\..\dep\sdl2mini\src\video\windows\SDL_windowskeyboard.h">
      <Filter>video\windows</Filter>
    </ClInclude>
    <ClInclude Include="..\..\dep\sdl2mini\src\video\windows\SDL_windowsmessagebox.h">
      <Filter>video\windows</Filter>
    </ClInclude>
    <ClInclude Include="..\..\dep\sdl2mini\src\video\windows\SDL_windowsmodes.h">
      <Filter>video\windows</Filter>
    </ClInclude>
    <ClInclude Include="..\..\dep\sdl2mini\src\video\windows\SDL_windowsmouse.h">
      <Filter>video\windows</Filter>
    </ClInclude>
    <ClInclude Include="..\..\dep\sdl2mini\src\video\windows\SDL_windowsopengl.h">
      <Filter>video\windows</Filter>
    </ClInclude>
    <ClInclude Include="..\..\dep\sdl2mini\src\video\windows\SDL_windowsopengles.h">
      <Filter>video\windows</Filter>
    </ClInclude>
    <ClInclude Include="..\..\dep\sdl2mini\src\video\windows\SDL_windowsshape.h">
      <Filter>video\windows</Filter>
    </ClInclude>
    <ClInclude Include="..\..\dep\sdl2mini\src\video\windows\SDL_windowsvideo.h">
      <Filter>video\windows</Filter>
    </ClInclude>
    <ClInclude Include="..\..\dep\sdl2mini\src\video\windows\SDL_windowswindow.h">
      <Filter>video\windows</Filter>
    </ClInclude>
    <ClInclude Include="..\..\dep\sdl2mini\src\video\windows\wmmsg.h">
      <Filter>video\windows</Filter>
    </ClInclude>
    <ClInclude Include="..\..\dep\sdl2mini\src\core\windows\SDL_directx.h">
      <Filter>core</Filter>
    </ClInclude>
    <ClInclude Include="..\..\dep\sdl2mini\src\core\windows\SDL_windows.h">
      <Filter>core</Filter>
    </ClInclude>
    <ClInclude Include="..\..\dep\sdl2mini\src\core\windows\SDL_xinput.h">
      <Filter>core</Filter>
    </ClInclude>
  </ItemGroup>
</Project>