<?xml version="1.0" encoding="Windows-1252"?>
<Project ToolsVersion="12.0" xmlns="http://schemas.microsoft.com/developer/msbuild/2003">
  <ItemGroup>
    <Filter Include="Source Files">
      <UniqueIdentifier>{94641EAB-0BC0-44CD-9709-7747CB0CA706}</UniqueIdentifier>
    </Filter>
  </ItemGroup>
  <ItemGroup>
    <ClCompile Include="..\..\dep\smk\smk_hufftree.c">
      <Filter>Source Files</Filter>
    </ClCompile>
    <ClCompile Include="..\..\dep\smk\smk_bitstream.c">
      <Filter>Source Files</Filter>
    </ClCompile>
    <ClCompile Include="..\..\dep\smk\smacker.c">
      <Filter>Source Files</Filter>
    </ClCompile>
  </ItemGroup>
  <ItemGroup>
    <ClInclude Include="..\..\dep\smk\smk_hufftree.h">
      <Filter>Source Files</Filter>
    </ClInclude>
    <ClInclude Include="..\..\dep\smk\smk_malloc.h">
      <Filter>Source Files</Filter>
    </ClInclude>
    <ClInclude Include="..\..\dep\smk\smacker.h">
      <Filter>Source Files</Filter>
    </ClInclude>
    <ClInclude Include="..\..\dep\smk\smk_bitstream.h">
      <Filter>Source Files</Filter>
    </ClInclude>
  </ItemGroup>
</Project>