<?xml version="1.0" encoding="Windows-1252"?>
<Project ToolsVersion="12.0" xmlns="http://schemas.microsoft.com/developer/msbuild/2003">
  <ItemGroup>
    <Filter Include="Source Files">
      <UniqueIdentifier>{94641EAB-0BC0-44CD-9709-7747CB0CA706}</UniqueIdentifier>
    </Filter>
  </ItemGroup>
  <ItemGroup>
    <ClCompile Include="..\..\dep\aes\sha2.cpp">
      <Filter>Source Files</Filter>
    </ClCompile>
    <ClCompile Include="..\..\dep\aes\pwd2key.cpp">
      <Filter>Source Files</Filter>
    </ClCompile>
    <ClCompile Include="..\..\dep\aes\sha1.cpp">
      <Filter>Source Files</Filter>
    </ClCompile>
    <ClCompile Include="..\..\dep\aes\hmac.cpp">
      <Filter>Source Files</Filter>
    </ClCompile>
    <ClCompile Include="..\..\dep\aes\aestab.cpp">
      <Filter>Source Files</Filter>
    </ClCompile>
    <ClCompile Include="..\..\dep\aes\fileenc.cpp">
      <Filter>Source Files</Filter>
    </ClCompile>
    <ClCompile Include="..\..\dep\aes\aescrypt.cpp">
      <Filter>Source Files</Filter>
    </ClCompile>
    <ClCompile Include="..\..\dep\aes\aeskey.cpp">
      <Filter>Source Files</Filter>
    </ClCompile>
  </ItemGroup>
  <ItemGroup>
    <ClInclude Include="..\..\dep\aes\sha2.h">
      <Filter>Source Files</Filter>
    </ClInclude>
    <ClInclude Include="..\..\dep\aes\hmac.h">
      <Filter>Source Files</Filter>
    </ClInclude>
    <ClInclude Include="..\..\dep\aes\pwd2key.h">
      <Filter>Source Files</Filter>
    </ClInclude>
    <ClInclude Include="..\..\dep\aes\sha1.h">
      <Filter>Source Files</Filter>
    </ClInclude>
    <ClInclude Include="..\..\dep\aes\fileenc.h">
      <Filter>Source Files</Filter>
    </ClInclude>
    <ClInclude Include="..\..\dep\aes\aesopt.h">
      <Filter>Source Files</Filter>
    </ClInclude>
    <ClInclude Include="..\..\dep\aes\aes.h">
      <Filter>Source Files</Filter>
    </ClInclude>
  </ItemGroup>
</Project>